
Microsoft Visual Studio Solution File, Format Version 12.00
# Visual Studio Version 17
VisualStudioVersion = 17.0.31903.59
MinimumVisualStudioVersion = 10.0.40219.1
Project("{FAE04EC0-301F-11D3-BF4B-00C04F79EFBC}") = "ScalextricArcBleProtocolExplorer", "ScalextricArcBleProtocolExplorer.csproj", "{A7BB890C-6BC5-4E28-94A9-6B9193C28360}"
EndProject
Global
	GlobalSection(SolutionConfigurationPlatforms) = preSolution
		Debug|Any CPU = Debug|Any CPU
		Release|Any CPU = Release|Any CPU
	EndGlobalSection
	GlobalSection(ProjectConfigurationPlatforms) = postSolution
		{A7BB890C-6BC5-4E28-94A9-6B9193C28360}.Debug|Any CPU.ActiveCfg = Debug|Any CPU
		{A7BB890C-6BC5-4E28-94A9-6B9193C28360}.Debug|Any CPU.Build.0 = Debug|Any CPU
		{A7BB890C-6BC5-4E28-94A9-6B9193C28360}.Release|Any CPU.ActiveCfg = Release|Any CPU
		{A7BB890C-6BC5-4E28-94A9-6B9193C28360}.Release|Any CPU.Build.0 = Release|Any CPU
	EndGlobalSection
	GlobalSection(SolutionProperties) = preSolution
		HideSolutionNode = FALSE
	EndGlobalSection
	GlobalSection(ExtensibilityGlobals) = postSolution
		SolutionGuid = {444864CA-D93A-4BBF-BD26-47B3CECD5473}
	EndGlobalSection
EndGlobal
